hash: ed1452d3d467a3ed3664308db2684f85f38e7990bf16f1f860a2f5bf2bf2cbfe
updated: 2019-03-26T15:59:58.749325-04:00
imports:
- name: github.com/Azure/go-ansiterm
  version: d6e3b3328b783f23731bc4d058875b0371ff8109
  subpackages:
  - winterm
- name: github.com/containerd/continuity
  version: 004b46473808b3e7a4a3049c20e4376c91eb966d
  subpackages:
  - pathdriver
- name: github.com/docker/distribution
  version: 6d62eb1d4a3515399431b713fde3ce5a9b40e8d5
  subpackages:
  - registry/api/errcode
- name: github.com/docker/docker
  version: 639880e6eb657187938376aea992e7870fb71227
  subpackages:
  - api/types/blkiodev
  - api/types/container
  - api/types/filters
  - api/types/mount
  - api/types/network
  - api/types/registry
  - api/types/strslice
  - api/types/swarm
  - api/types/swarm/runtime
  - api/types/versions
  - errdefs
  - pkg/fileutils
  - pkg/homedir
  - pkg/idtools
  - pkg/ioutils
  - pkg/longpath
  - pkg/mount
  - pkg/pools
  - pkg/stdcopy
  - pkg/system
- name: github.com/docker/go-connections
  version: 97c2040d34dfae1d1b1275fa3a78dbdd2f41cf7e
  subpackages:
  - nat
- name: github.com/docker/go-units
  version: 2fb04c6466a548a03cb009c5569ee1ab1e35398e
- name: github.com/fsouza/go-dockerclient
  version: 2ddd9f0b2e8a33fbc097614df146e28ecea9e479
  subpackages:
  - internal/archive
  - internal/jsonmessage
  - internal/term
- name: github.com/gogo/protobuf
  version: 342cbe0a04158f6dcb03ca0079991a51a4248c02
  subpackages:
  - proto
- name: github.com/golang/protobuf
  version: b4deda0973fb4c70b50d226b1af49f3da59f5265
  subpackages:
  - proto
  - ptypes
  - ptypes/any
  - ptypes/duration
  - ptypes/timestamp
- name: github.com/gorilla/mux
  version: c5c6c98bc25355028a63748a498942a6398ccd22
- name: github.com/gorilla/websocket
  version: 66b9c49e59c6c48f0ffce28c2d8b8a5678502c6d
- name: github.com/ijc/Gotty
  version: a8b993ba6abdb0e0c12b0125c603323a71c7790c
- name: github.com/konsorten/go-windows-terminal-sequences
  version: f55edac94c9bbba5d6182a4be46d86a2c9b5b50e
- name: github.com/Microsoft/go-winio
  version: 812eb80041a847e7525d41cf28b8e3b7b537ec65
- name: github.com/opencontainers/go-digest
  version: ac19fd6e7483ff933754af248d80be865e543d22
- name: github.com/opencontainers/image-spec
  version: da296dcb1e473a9b4e2d148941d7faa9ac8fea3f
  subpackages:
  - specs-go
  - specs-go/v1
- name: github.com/opencontainers/runc
  version: 11fc498ffa5c4561eef9242e7f7115d57e57055b
  subpackages:
  - libcontainer/user
- name: github.com/pkg/errors
  version: 27936f6d90f9c8e1145f11ed52ffffbfdb9e0af7
- name: github.com/sirupsen/logrus
  version: dae0fa8d5b0c810a8ab733fbd5510c7cae84eca4
- name: golang.org/x/crypto
  version: de0752318171da717af4ce24d0a2e8626afaeb11
  subpackages:
  - ssh/terminal
- name: golang.org/x/sys
  version: 95c6576299259db960f6c5b9b69ea52422860fce
  subpackages:
  - unix
  - windows
- name: google.golang.org/genproto
  version: e79c0c59cdb5e117ef82a6f885294df3d74065d5
  subpackages:
  - googleapis/rpc/status
- name: google.golang.org/grpc
  version: ed10349f451e96cf671d270545c99ff0041fea7c
  subpackages:
  - codes
  - status
testImports: []
